// !$*UTF8*$!
{
	archiveVersion = 1;
	classes = {
	};
	objectVersion = 51;
	objects = {

/* Begin PBXBuildFile section */
		A918B8E52683A3BA0069AD4A /* DataManager.swift in Sources */ = {isa = PBXBuildFile; fileRef = A918B8E42683A3BA0069AD4A /* DataManager.swift */; };
		A918B8E82683A5020069AD4A /* SpringAnimationSettings.swift in Sources */ = {isa = PBXBuildFile; fileRef = A918B8E72683A5020069AD4A /* SpringAnimationSettings.swift */; };
		A93161E5268398B700DD99A7 /* AppDelegate.swift in Sources */ = {isa = PBXBuildFile; fileRef = A93161E4268398B700DD99A7 /* AppDelegate.swift */; };
		A93161E7268398B700DD99A7 /* SceneDelegate.swift in Sources */ = {isa = PBXBuildFile; fileRef = A93161E6268398B700DD99A7 /* SceneDelegate.swift */; };
		A93161E9268398B700DD99A7 /* ViewController.swift in Sources */ = {isa = PBXBuildFile; fileRef = A93161E8268398B700DD99A7 /* ViewController.swift */; };
		A93161EC268398B700DD99A7 /* Main.storyboard in Resources */ = {isa = PBXBuildFile; fileRef = A93161EA268398B700DD99A7 /* Main.storyboard */; };
		A93161EE268398B800DD99A7 /* Assets.xcassets in Resources */ = {isa = PBXBuildFile; fileRef = A93161ED268398B800DD99A7 /* Assets.xcassets */; };
		A93161F1268398B800DD99A7 /* LaunchScreen.storyboard in Resources */ = {isa = PBXBuildFile; fileRef = A93161EF268398B800DD99A7 /* LaunchScreen.storyboard */; };
		B2E1E5F33CDD8164FB4140F5 /* Pods_AnimationSpring.framework in Frameworks */ = {isa = PBXBuildFile; fileRef = 621D4B2F207077A969C0105C /* Pods_AnimationSpring.framework */; };
/* End PBXBuildFile section */

/* Begin PBXFileReference section */
		621D4B2F207077A969C0105C /* Pods_AnimationSpring.framework */ = {isa = PBXFileReference; explicitFileType = wrapper.framework; includeInIndex = 0; path = Pods_AnimationSpring.framework; sourceTree = BUILT_PRODUCTS_DIR; };
		707470E78ADB3E2D4573BFB3 /* Pods-AnimationSpring.debug.xcconfig */ = {isa = PBXFileReference; includeInIndex = 1; lastKnownFileType = text.xcconfig; name = "Pods-AnimationSpring.debug.xcconfig"; path = "Target Support Files/Pods-AnimationSpring/Pods-AnimationSpring.debug.xcconfig"; sourceTree = "<group>"; };
		A918B8E42683A3BA0069AD4A /* DataManager.swift */ = {isa = PBXFileReference; lastKnownFileType = sourcecode.swift; path = DataManager.swift; sourceTree = "<group>"; };
		A918B8E72683A5020069AD4A /* SpringAnimationSettings.swift */ = {isa = PBXFileReference; lastKnownFileType = sourcecode.swift; path = SpringAnimationSettings.swift; sourceTree = "<group>"; };
		A93161E1268398B700DD99A7 /* AnimationSpring.app */ = {isa = PBXFileReference; explicitFileType = wrapper.application; includeInIndex = 0; path = AnimationSpring.app; sourceTree = BUILT_PRODUCTS_DIR; };
		A93161E4268398B700DD99A7 /* AppDelegate.swift */ = {isa = PBXFileReference; lastKnownFileType = sourcecode.swift; path = AppDelegate.swift; sourceTree = "<group>"; };
		A93161E6268398B700DD99A7 /* SceneDelegate.swift */ = {isa = PBXFileReference; lastKnownFileType = sourcecode.swift; path = SceneDelegate.swift; sourceTree = "<group>"; };
		A93161E8268398B700DD99A7 /* ViewController.swift */ = {isa = PBXFileReference; lastKnownFileType = sourcecode.swift; path = ViewController.swift; sourceTree = "<group>"; };
		A93161EB268398B700DD99A7 /* Base */ = {isa = PBXFileReference; lastKnownFileType = file.storyboard; name = Base; path = Base.lproj/Main.storyboard; sourceTree = "<group>"; };
		A93161ED268398B800DD99A7 /* Assets.xcassets */ = {isa = PBXFileReference; lastKnownFileType = folder.assetcatalog; path = Assets.xcassets; sourceTree = "<group>"; };
		A93161F0268398B800DD99A7 /* Base */ = {isa = PBXFileReference; lastKnownFileType = file.storyboard; name = Base; path = Base.lproj/LaunchScreen.storyboard; sourceTree = "<group>"; };
		A93161F2268398B800DD99A7 /* Info.plist */ = {isa = PBXFileReference; lastKnownFileType = text.plist.xml; path = Info.plist; sourceTree = "<group>"; };
		F409ACE82A55922B7B7E9771 /* Pods-AnimationSpring.release.xcconfig */ = {isa = PBXFileReference; includeInIndex = 1; lastKnownFileType = text.xcconfig; name = "Pods-AnimationSpring.release.xcconfig"; path = "Target Support Files/Pods-AnimationSpring/Pods-AnimationSpring.release.xcconfig"; sourceTree = "<group>"; };
/* End PBXFileReference section */

/* Begin PBXFrameworksBuildPhase section */
		A93161DE268398B700DD99A7 /* Frameworks */ = {
			isa = PBXFrameworksBuildPhase;
			buildActionMask = 2147483647;
			files = (
				B2E1E5F33CDD8164FB4140F5 /* Pods_AnimationSpring.framework in Frameworks */,
			);
			runOnlyForDeploymentPostprocessing = 0;
		};
/* End PBXFrameworksBuildPhase section */

/* Begin PBXGroup section */
		424DE08E3C8F8BE5D8F6301A /* Pods */ = {
			isa = PBXGroup;
			children = (
				707470E78ADB3E2D4573BFB3 /* Pods-AnimationSpring.debug.xcconfig */,
				F409ACE82A55922B7B7E9771 /* Pods-AnimationSpring.release.xcconfig */,
			);
			path = Pods;
			sourceTree = "<group>";
		};
		A93161D8268398B700DD99A7 = {
			isa = PBXGroup;
			children = (
				A93161E3268398B700DD99A7 /* AnimationSpring */,
				A93161E2268398B700DD99A7 /* Products */,
				424DE08E3C8F8BE5D8F6301A /* Pods */,
				B7E9B41D1E37E0C351382659 /* Frameworks */,
			);
			sourceTree = "<group>";
		};
		A93161E2268398B700DD99A7 /* Products */ = {
			isa = PBXGroup;
			children = (
				A93161E1268398B700DD99A7 /* AnimationSpring.app */,
			);
			name = Products;
			sourceTree = "<group>";
		};
		A93161E3268398B700DD99A7 /* AnimationSpring */ = {
			isa = PBXGroup;
			children = (
				A93161E4268398B700DD99A7 /* AppDelegate.swift */,
				A93161E6268398B700DD99A7 /* SceneDelegate.swift */,
				A93161E8268398B700DD99A7 /* ViewController.swift */,
				A93161EA268398B700DD99A7 /* Main.storyboard */,
				A93161ED268398B800DD99A7 /* Assets.xcassets */,
				A93161EF268398B800DD99A7 /* LaunchScreen.storyboard */,
				A93161F2268398B800DD99A7 /* Info.plist */,
				A918B8E42683A3BA0069AD4A /* DataManager.swift */,
				A918B8E72683A5020069AD4A /* SpringAnimationSettings.swift */,
			);
			path = AnimationSpring;
			sourceTree = "<group>";
		};
		B7E9B41D1E37E0C351382659 /* Frameworks */ = {
			isa = PBXGroup;
			children = (
				621D4B2F207077A969C0105C /* Pods_AnimationSpring.framework */,
			);
			name = Frameworks;
			sourceTree = "<group>";
		};
/* End PBXGroup section */

/* Begin PBXNativeTarget section */
		A93161E0268398B700DD99A7 /* AnimationSpring */ = {
			isa = PBXNativeTarget;
			buildConfigurationList = A93161F5268398B800DD99A7 /* Build configuration list for PBXNativeTarget "AnimationSpring" */;
			buildPhases = (
				10FC7B59D136F43EAFCCA520 /* [CP] Check Pods Manifest.lock */,
				A93161DD268398B700DD99A7 /* Sources */,
				A93161DE268398B700DD99A7 /* Frameworks */,
				A93161DF268398B700DD99A7 /* Resources */,
				20DA8C35614417D6FD74A917 /* [CP] Embed Pods Frameworks */,
			);
			buildRules = (
			);
			dependencies = (
			);
			name = AnimationSpring;
			productName = AnimationSpring;
			productReference = A93161E1268398B700DD99A7 /* AnimationSpring.app */;
			productType = "com.apple.product-type.application";
		};
/* End PBXNativeTarget section */

/* Begin PBXProject section */
		A93161D9268398B700DD99A7 /* Project object */ = {
			isa = PBXProject;
			attributes = {
				LastSwiftUpdateCheck = 1240;
				LastUpgradeCheck = 1240;
				TargetAttributes = {
					A93161E0268398B700DD99A7 = {
						CreatedOnToolsVersion = 12.4;
					};
				};
			};
			buildConfigurationList = A93161DC268398B700DD99A7 /* Build configuration list for PBXProject "AnimationSpring" */;
			compatibilityVersion = "Xcode 9.3";
			developmentRegion = en;
			hasScannedForEncodings = 0;
			knownRegions = (
				en,
				Base,
			);
			mainGroup = A93161D8268398B700DD99A7;
			productRefGroup = A93161E2268398B700DD99A7 /* Products */;
			projectDirPath = "";
			projectRoot = "";
			targets = (
				A93161E0268398B700DD99A7 /* AnimationSpring */,
			);
		};
/* End PBXProject section */

/* Begin PBXResourcesBuildPhase section */
		A93161DF268398B700DD99A7 /* Resources */ = {
			isa = PBXResourcesBuildPhase;
			buildActionMask = 2147483647;
			files = (
				A93161F1268398B800DD99A7 /* LaunchScreen.storyboard in Resources */,
				A93161EE268398B800DD99A7 /* Assets.xcassets in Resources */,
				A93161EC268398B700DD99A7 /* Main.storyboard in Resources */,
			);
			runOnlyForDeploymentPostprocessing = 0;
		};
/* End PBXResourcesBuildPhase section */

/* Begin PBXShellScriptBuildPhase section */
		10FC7B59D136F43EAFCCA520 /* [CP] Check Pods Manifest.lock */ = {
			isa = PBXShellScriptBuildPhase;
			buildActionMask = 2147483647;
			files = (
			);
			inputFileListPaths = (
			);
			inputPaths = (
				"${PODS_PODFILE_DIR_PATH}/Podfile.lock",
				"${PODS_ROOT}/Manifest.lock",
			);
			name = "[CP] Check Pods Manifest.lock";
			outputFileListPaths = (
			);
			outputPaths = (
				"$(DERIVED_FILE_DIR)/Pods-AnimationSpring-checkManifestLockResult.txt",
			);
			runOnlyForDeploymentPostprocessing = 0;
			shellPath = /bin/sh;
			shellScript = "diff \"${PODS_PODFILE_DIR_PATH}/Podfile.lock\" \"${PODS_ROOT}/Manifest.lock\" > /dev/null\nif [ $? != 0 ] ; then\n    # print error to STDERR\n    echo \"error: The sandbox is not in sync with the Podfile.lock. Run 'pod install' or update your CocoaPods installation.\" >&2\n    exit 1\nfi\n# This output is used by Xcode 'outputs' to avoid re-running this script phase.\necho \"SUCCESS\" > \"${SCRIPT_OUTPUT_FILE_0}\"\n";
			showEnvVarsInLog = 0;
		};
		20DA8C35614417D6FD74A917 /* [CP] Embed Pods Frameworks */ = {
			isa = PBXShellScriptBuildPhase;
			buildActionMask = 2147483647;
			files = (
			);
			inputFileListPaths = (
				"${PODS_ROOT}/Target Support Files/Pods-AnimationSpring/Pods-AnimationSpring-frameworks-${CONFIGURATION}-input-files.xcfilelist",
			);
			name = "[CP] Embed Pods Frameworks";
			outputFileListPaths = (
				"${PODS_ROOT}/Target Support Files/Pods-AnimationSpring/Pods-AnimationSpring-frameworks-${CONFIGURATION}-output-files.xcfilelist",
			);
			runOnlyForDeploymentPostprocessing = 0;
			shellPath = /bin/sh;
			shellScript = "\"${PODS_ROOT}/Target Support Files/Pods-AnimationSpring/Pods-AnimationSpring-frameworks.sh\"\n";
			showEnvVarsInLog = 0;
		};
/* End PBXShellScriptBuildPhase section */

/* Begin PBXSourcesBuildPhase section */
		A93161DD268398B700DD99A7 /* Sources */ = {
			isa = PBXSourcesBuildPhase;
			buildActionMask = 2147483647;
			files = (
				A93161E9268398B700DD99A7 /* ViewController.swift in Sources */,
				A918B8E82683A5020069AD4A /* SpringAnimationSettings.swift in Sources */,
				A918B8E52683A3BA0069AD4A /* DataManager.swift in Sources */,
				A93161E5268398B700DD99A7 /* AppDelegate.swift in Sources */,
				A93161E7268398B700DD99A7 /* SceneDelegate.swift in Sources */,
			);
			runOnlyForDeploymentPostprocessing = 0;
		};
/* End PBXSourcesBuildPhase section */

/* Begin PBXVariantGroup section */
		A93161EA268398B700DD99A7 /* Main.storyboard */ = {
			isa = PBXVariantGroup;
			children = (
				A93161EB268398B700DD99A7 /* Base */,
			);
			name = Main.storyboard;
			sourceTree = "<group>";
		};
		A93161EF268398B800DD99A7 /* LaunchScreen.storyboard */ = {
			isa = PBXVariantGroup;
			children = (
				A93161F0268398B800DD99A7 /* Base */,
			);
			name = LaunchScreen.storyboard;
			sourceTree = "<group>";
		};
/* End PBXVariantGroup section */

/* Begin XCBuildConfiguration section */
		A93161F3268398B800DD99A7 /* Debug */ = {
			isa = XCBuildConfiguration;
			buildSettings = {
				ALWAYS_SEARCH_USER_PATHS = NO;
				CLANG_ANALYZER_NONNULL = YES;
				CLANG_ANALYZER_NUMBER_OBJECT_CONVERSION = YES_AGGRESSIVE;
				CLANG_CXX_LANGUAGE_STANDARD = "gnu++14";
				CLANG_CXX_LIBRARY = "libc++";
				CLANG_ENABLE_MODULES = YES;
				CLANG_ENABLE_OBJC_ARC = YES;
				CLANG_ENABLE_OBJC_WEAK = YES;
				CLANG_WARN_BLOCK_CAPTURE_AUTORELEASING = YES;
				CLANG_WARN_BOOL_CONVERSION = YES;
				CLANG_WARN_COMMA = YES;
				CLANG_WARN_CONSTANT_CONVERSION = YES;
				CLANG_WARN_DEPRECATED_OBJC_IMPLEMENTATIONS = YES;
				CLANG_WARN_DIRECT_OBJC_ISA_USAGE = YES_ERROR;
				CLANG_WARN_DOCUMENTATION_COMMENTS = YES;
				CLANG_WARN_EMPTY_BODY = YES;
				CLANG_WARN_ENUM_CONVERSION = YES;
				CLANG_WARN_INFINITE_RECURSION = YES;
				CLANG_WARN_INT_CONVERSION = YES;
				CLANG_WARN_NON_LITERAL_NULL_CONVERSION = YES;
				CLANG_WARN_OBJC_IMPLICIT_RETAIN_SELF = YES;
				CLANG_WARN_OBJC_LITERAL_CONVERSION = YES;
				CLANG_WARN_OBJC_ROOT_CLASS = YES_ERROR;
				CLANG_WARN_QUOTED_INCLUDE_IN_FRAMEWORK_HEADER = YES;
				CLANG_WARN_RANGE_LOOP_ANALYSIS = YES;
				CLANG_WARN_STRICT_PROTOTYPES = YES;
				CLANG_WARN_SUSPICIOUS_MOVE = YES;
				CLANG_WARN_UNGUARDED_AVAILABILITY = YES_AGGRESSIVE;
				CLANG_WARN_UNREACHABLE_CODE = YES;
				CLANG_WARN__DUPLICATE_METHOD_MATCH = YES;
				COPY_PHASE_STRIP = NO;
				DEBUG_INFORMATION_FORMAT = dwarf;
				ENABLE_STRICT_OBJC_MSGSEND = YES;
				ENABLE_TESTABILITY = YES;
				GCC_C_LANGUAGE_STANDARD = gnu11;
				GCC_DYNAMIC_NO_PIC = NO;
				GCC_NO_COMMON_BLOCKS = YES;
				GCC_OPTIMIZATION_LEVEL = 0;
				GCC_PREPROCESSOR_DEFINITIONS = (
					"DEBUG=1",
					"$(inherited)",
				);
				GCC_WARN_64_TO_32_BIT_CONVERSION = YES;
				GCC_WARN_ABOUT_RETURN_TYPE = YES_ERROR;
				GCC_WARN_UNDECLARED_SELECTOR = YES;
				GCC_WARN_UNINITIALIZED_AUTOS = YES_AGGRESSIVE;
				GCC_WARN_UNUSED_FUNCTION = YES;
				GCC_WARN_UNUSED_VARIABLE = YES;
				IPHONEOS_DEPLOYMENT_TARGET = 14.4;
				MTL_ENABLE_DEBUG_INFO = INCLUDE_SOURCE;
				MTL_FAST_MATH = YES;
				ONLY_ACTIVE_ARCH = YES;
				SDKROOT = iphoneos;
				SWIFT_ACTIVE_COMPILATION_CONDITIONS = DEBUG;
				SWIFT_OPTIMIZATION_LEVEL = "-Onone";
			};
			name = Debug;
		};
		A93161F4268398B800DD99A7 /* Release */ = {
			isa = XCBuildConfiguration;
			buildSettings = {
				ALWAYS_SEARCH_USER_PATHS = NO;
				CLANG_ANALYZER_NONNULL = YES;
				CLANG_ANALYZER_NUMBER_OBJECT_CONVERSION = YES_AGGRESSIVE;
				CLANG_CXX_LANGUAGE_STANDARD = "gnu++14";
				CLANG_CXX_LIBRARY = "libc++";
				CLANG_ENABLE_MODULES = YES;
				CLANG_ENABLE_OBJC_ARC = YES;
				CLANG_ENABLE_OBJC_WEAK = YES;
				CLANG_WARN_BLOCK_CAPTURE_AUTORELEASING = YES;
				CLANG_WARN_BOOL_CONVERSION = YES;
				CLANG_WARN_COMMA = YES;
				CLANG_WARN_CONSTANT_CONVERSION = YES;
				CLANG_WARN_DEPRECATED_OBJC_IMPLEMENTATIONS = YES;
				CLANG_WARN_DIRECT_OBJC_ISA_USAGE = YES_ERROR;
				CLANG_WARN_DOCUMENTATION_COMMENTS = YES;
				CLANG_WARN_EMPTY_BODY = YES;
				CLANG_WARN_ENUM_CONVERSION = YES;
				CLANG_WARN_INFINITE_RECURSION = YES;
				CLANG_WARN_INT_CONVERSION = YES;
				CLANG_WARN_NON_LITERAL_NULL_CONVERSION = YES;
				CLANG_WARN_OBJC_IMPLICIT_RETAIN_SELF = YES;
				CLANG_WARN_OBJC_LITERAL_CONVERSION = YES;
				CLANG_WARN_OBJC_ROOT_CLASS = YES_ERROR;
				CLANG_WARN_QUOTED_INCLUDE_IN_FRAMEWORK_HEADER = YES;
				CLANG_WARN_RANGE_LOOP_ANALYSIS = YES;
				CLANG_WARN_STRICT_PROTOTYPES = YES;
				CLANG_WARN_SUSPICIOUS_MOVE = YES;
				CLANG_WARN_UNGUARDED_AVAILABILITY = YES_AGGRESSIVE;
				CLANG_WARN_UNREACHABLE_CODE = YES;
				CLANG_WARN__DUPLICATE_METHOD_MATCH = YES;
				COPY_PHASE_STRIP = NO;
				DEBUG_INFORMATION_FORMAT = "dwarf-with-dsym";
				ENABLE_NS_ASSERTIONS = NO;
				ENABLE_STRICT_OBJC_MSGSEND = YES;
				GCC_C_LANGUAGE_STANDARD = gnu11;
				GCC_NO_COMMON_BLOCKS = YES;
				GCC_WARN_64_TO_32_BIT_CONVERSION = YES;
				GCC_WARN_ABOUT_RETURN_TYPE = YES_ERROR;
				GCC_WARN_UNDECLARED_SELECTOR = YES;
				GCC_WARN_UNINITIALIZED_AUTOS = YES_AGGRESSIVE;
				GCC_WARN_UNUSED_FUNCTION = YES;
				GCC_WARN_UNUSED_VARIABLE = YES;
				IPHONEOS_DEPLOYMENT_TARGET = 14.4;
				MTL_ENABLE_DEBUG_INFO = NO;
				MTL_FAST_MATH = YES;
				SDKROOT = iphoneos;
				SWIFT_COMPILATION_MODE = wholemodule;
				SWIFT_OPTIMIZATION_LEVEL = "-O";
				VALIDATE_PRODUCT = YES;
			};
			name = Release;
		};
		A93161F6268398B800DD99A7 /* Debug */ = {
			isa = XCBuildConfiguration;
			baseConfigurationReference = 707470E78ADB3E2D4573BFB3 /* Pods-AnimationSpring.debug.xcconfig */;
			buildSettings = {
				ASSETCATALOG_COMPILER_APPICON_NAME = AppIcon;
				ASSETCATALOG_COMPILER_GLOBAL_ACCENT_COLOR_NAME = AccentColor;
				CODE_SIGN_STYLE = Automatic;
				INFOPLIST_FILE = AnimationSpring/Info.plist;
				IPHONEOS_DEPLOYMENT_TARGET = 13.0;
				LD_RUNPATH_SEARCH_PATHS = (
					"$(inherited)",
					"@executable_path/Frameworks",
				);
				PRODUCT_BUNDLE_IDENTIFIER = ru.swiftbook.AnimationSpring;
				PRODUCT_NAME = "$(TARGET_NAME)";
				SWIFT_VERSION = 5.0;
				TARGETED_DEVICE_FAMILY = "1,2";
			};
			name = Debug;
		};
		A93161F7268398B800DD99A7 /* Release */ = {
			isa = XCBuildConfiguration;
			baseConfigurationReference = F409ACE82A55922B7B7E9771 /* Pods-AnimationSpring.release.xcconfig */;
			buildSettings = {
				ASSETCATALOG_COMPILER_APPICON_NAME = AppIcon;
				ASSETCATALOG_COMPILER_GLOBAL_ACCENT_COLOR_NAME = AccentColor;
				CODE_SIGN_STYLE = Automatic;
				INFOPLIST_FILE = AnimationSpring/Info.plist;
				IPHONEOS_DEPLOYMENT_TARGET = 13.0;
				LD_RUNPATH_SEARCH_PATHS = (
					"$(inherited)",
					"@executable_path/Frameworks",
				);
				PRODUCT_BUNDLE_IDENTIFIER = ru.swiftbook.AnimationSpring;
				PRODUCT_NAME = "$(TARGET_NAME)";
				SWIFT_VERSION = 5.0;
				TARGETED_DEVICE_FAMILY = "1,2";
			};
			name = Release;
		};
/* End XCBuildConfiguration section */

/* Begin XCConfigurationList section */
		A93161DC268398B700DD99A7 /* Build configuration list for PBXProject "AnimationSpring" */ = {
			isa = XCConfigurationList;
			buildConfigurations = (
				A93161F3268398B800DD99A7 /* Debug */,
				A93161F4268398B800DD99A7 /* Release */,
			);
			defaultConfigurationIsVisible = 0;
			defaultConfigurationName = Release;
		};
		A93161F5268398B800DD99A7 /* Build configuration list for PBXNativeTarget "AnimationSpring" */ = {
			isa = XCConfigurationList;
			buildConfigurations = (
				A93161F6268398B800DD99A7 /* Debug */,
				A93161F7268398B800DD99A7 /* Release */,
			);
			defaultConfigurationIsVisible = 0;
			defaultConfigurationName = Release;
		};
/* End XCConfigurationList section */
	};
	rootObject = A93161D9268398B700DD99A7 /* Project object */;
}
